<?xml version="1.0" encoding="utf-8"?>
<Project ToolsVersion="4.0" xmlns="http://schemas.microsoft.com/developer/msbuild/2003">
  <ItemGroup>
    <Filter Include="Source Files">
      <UniqueIdentifier>{4FC737F1-C7A5-4376-A066-2A32D752A2FF}</UniqueIdentifier>
      <Extensions>cpp;c;cc;cxx;def;odl;idl;hpj;bat;asm;asmx</Extensions>
    </Filter>
    <Filter Include="Header Files">
      <UniqueIdentifier>{93995380-89BD-4b04-88EB-625FBE52EBFB}</UniqueIdentifier>
      <Extensions>h;hpp;hxx;hm;inl;inc;xsd</Extensions>
    </Filter>
    <Filter Include="Resource Files">
      <UniqueIdentifier>{67DA6AB6-F800-4c08-8B7A-83BB121AAD01}</UniqueIdentifier>
      <Extensions>rc;ico;cur;bmp;dlg;rc2;rct;bin;rgs;gif;jpg;jpeg;jpe;resx;tiff;tif;png;wav;mfcribbon-ms</Extensions>
    </Filter>
    <Filter Include="Driver Files">
      <UniqueIdentifier>{8E41214B-6785-4CFE-B992-037D68949A14}</UniqueIdentifier>
      <Extensions>inf;inv;inx;mof;mc;</Extensions>
    </Filter>
  </ItemGroup>
  <ItemGroup>
    <ClCompile Include="init.cpp">
      <Filter>Source Files</Filter>
    </ClCompile>
    <ClCompile Include="data.cpp">
      <Filter>Source Files</Filter>
    </ClCompile>
    <ClCompile Include="generic.cpp">
      <Filter>Source Files</Filter>
    </ClCompile>
    <ClCompile Include="hardware.cpp">
      <Filter>Source Files</Filter>
    </ClCompile>
    <ClCompile Include="device.cpp">
      <Filter>Source Files</Filter>
    </ClCompile>
    <ClCompile Include="oid.cpp">
      <Filter>Source Files</Filter>
    </ClCompile>
    <ClCompile Include="handlers.cpp">
      <Filter>Source Files</Filter>
    </ClCompile>
    <ClCompile Include="pnp.cpp">
      <Filter>Source Files</Filter>
    </ClCompile>
    <ClCompile Include="command.cpp">
      <Filter>Source Files</Filter>
    </ClCompile>
    <ClCompile Include="lif.cpp">
      <Filter>Source Files</Filter>
    </ClCompile>
    <ClCompile Include="rx.cpp">
      <Filter>Source Files</Filter>
    </ClCompile>
    <ClCompile Include="tx.cpp">
      <Filter>Source Files</Filter>
    </ClCompile>
    <ClCompile Include="control.cpp">
      <Filter>Source Files</Filter>
    </ClCompile>
    <ClCompile Include="port.cpp">
      <Filter>Source Files</Filter>
    </ClCompile>
    <ClCompile Include="qcq.cpp">
      <Filter>Source Files</Filter>
    </ClCompile>
    <ClCompile Include="adminq.cpp">
      <Filter>Source Files</Filter>
    </ClCompile>
    <ClCompile Include="notifq.cpp">
      <Filter>Source Files</Filter>
    </ClCompile>
    <ClCompile Include="trace.cpp">
      <Filter>Source Files</Filter>
    </ClCompile>
    <ClCompile Include="vmq.cpp">
      <Filter>Source Files</Filter>
    </ClCompile>
    <ClCompile Include="switch.cpp">
      <Filter>Source Files</Filter>
    </ClCompile>
    <ClCompile Include="rss.cpp">
      <Filter>Source Files</Filter>
    </ClCompile>
    <ClCompile Include="stats.cpp">
      <Filter>Source Files</Filter>
    </ClCompile>
    <ClCompile Include="sriov.cpp">
      <Filter>Source Files</Filter>
    </ClCompile>
    <ClCompile Include="IonicEventLog.cpp">
      <Filter>Source Files</Filter>
    </ClCompile>
    <ClCompile Include="perf_counter.cpp">
      <Filter>Source Files</Filter>
    </ClCompile>
  </ItemGroup>
  <ItemGroup>
    <ClInclude Include="Include\common.h">
      <Filter>Header Files</Filter>
    </ClInclude>
    <ClInclude Include="Include\defines.h">
      <Filter>Header Files</Filter>
    </ClInclude>
    <ClInclude Include="Include\externs.h">
      <Filter>Header Files</Filter>
    </ClInclude>
    <ClInclude Include="Include\structs.h">
      <Filter>Header Files</Filter>
    </ClInclude>
    <ClInclude Include="Include\ionic_if.h">
      <Filter>Header Files</Filter>
    </ClInclude>
    <ClInclude Include="Include\ionic_regs.h">
      <Filter>Header Files</Filter>
    </ClInclude>
    <ClInclude Include="Include\ionic_api.h">
      <Filter>Header Files</Filter>
    </ClInclude>
    <ClInclude Include="Include\net_hdrs.h">
      <Filter>Header Files</Filter>
    </ClInclude>
    <ClInclude Include="..\CommonInc\UserCommon.h">
      <Filter>Header Files</Filter>
    </ClInclude>
    <ClInclude Include="..\CommonInc\ionic_stats.h">
      <Filter>Header Files</Filter>
    </ClInclude>
    <ClInclude Include="..\CommonInc\ionic_types.h">
      <Filter>Header Files</Filter>
    </ClInclude>
    <ClInclude Include="..\CommonInc\pci_ids.h">
      <Filter>Header Files</Filter>
    </ClInclude>
    <ClInclude Include="Include\registry.h">
      <Filter>Header Files</Filter>
    </ClInclude>
    <ClInclude Include="Include\version.h">
      <Filter>Header Files</Filter>
    </ClInclude>
    <ClInclude Include="Include\IonicEventLog.h">
      <Filter>Header Files</Filter>
    </ClInclude>
  </ItemGroup>
  <ItemGroup>
    <MASM Include="AMD64\checksum.asm">
      <Filter>Source Files</Filter>
    </MASM>
  </ItemGroup>
  <ItemGroup>
    <ResourceCompile Include="Ionic.rc">
      <Filter>Resource Files</Filter>
    </ResourceCompile>
  </ItemGroup>
  <ItemGroup>
    <MessageCompile Include="IonicMsgLog.mc">
      <Filter>Resource Files</Filter>
    </MessageCompile>
  </ItemGroup>
  <ItemGroup>
    <Inf Include="Ionic64.inx">
      <Filter>Driver Files</Filter>
    </Inf>
  </ItemGroup>
</Project>
